
Microsoft Visual Studio Solution File, Format Version 11.00
# Visual Studio 2010
Project("{8BC9CEB8-8B4A-11D0-8D11-00A0C91BC942}") = "ff70-xpcom", "ff70-xpcom.vcxproj", "{58AE040D-01CC-4E4A-AE98-BEDE56480AE9}"
EndProject
Project("{8BC9CEB8-8B4A-11D0-8D11-00A0C91BC942}") = "ff60-xpcom", "ff60-xpcom.vcxproj", "{58AE040D-01CC-4E4A-AE98-BEDE56480AE9}"
EndProject
Project("{8BC9CEB8-8B4A-11D0-8D11-00A0C91BC942}") = "ff50-xpcom", "ff50-xpcom.vcxproj", "{58AE040D-01CC-4E4A-AE98-BEDE56480AE9}"
EndProject
Project("{8BC9CEB8-8B4A-11D0-8D11-00A0C91BC942}") = "ff40-xpcom", "ff40-xpcom.vcxproj", "{6BF0C2CE-CB0C-421B-A67C-1E448371D24D}"
EndProject
Project("{8BC9CEB8-8B4A-11D0-8D11-00A0C91BC942}") = "ff36-xpcom", "ff36-xpcom.vcxproj", "{37692217-C7AD-4FA9-A588-DDC11E17D925}"
EndProject
Project("{8BC9CEB8-8B4A-11D0-8D11-00A0C91BC942}") = "ff35-xpcom", "ff35-xpcom.vcxproj", "{59A0C5AD-DE66-4C6D-9164-86F31308E719}"
EndProject
Project("{8BC9CEB8-8B4A-11D0-8D11-00A0C91BC942}") = "ff3-xpcom", "ff3-xpcom.vcxproj", "{6BF0C2CE-CB0C-421B-A67C-1E448371D24C}"
EndProject
Global
	GlobalSection(SolutionConfigurationPlatforms) = preSolution
		Debug|Win32 = Debug|Win32
		Release|Win32 = Release|Win32
	EndGlobalSection
	GlobalSection(ProjectConfigurationPlatforms) = postSolution
		{58AE040D-01CC-4E4A-AE98-BEDE56480AE9}.Debug|Win32.ActiveCfg = Debug|Win32
		{58AE040D-01CC-4E4A-AE98-BEDE56480AE9}.Debug|Win32.Build.0 = Debug|Win32
		{58AE040D-01CC-4E4A-AE98-BEDE56480AE9}.Release|Win32.ActiveCfg = Release|Win32
		{58AE040D-01CC-4E4A-AE98-BEDE56480AE9}.Release|Win32.Build.0 = Release|Win32
		{6BF0C2CE-CB0C-421B-A67C-1E448371D24D}.Debug|Win32.ActiveCfg = Debug|Win32
		{6BF0C2CE-CB0C-421B-A67C-1E448371D24D}.Debug|Win32.Build.0 = Debug|Win32
		{6BF0C2CE-CB0C-421B-A67C-1E448371D24D}.Release|Win32.ActiveCfg = Release|Win32
		{6BF0C2CE-CB0C-421B-A67C-1E448371D24D}.Release|Win32.Build.0 = Release|Win32
		{37692217-C7AD-4FA9-A588-DDC11E17D925}.Debug|Win32.ActiveCfg = Debug|Win32
		{37692217-C7AD-4FA9-A588-DDC11E17D925}.Debug|Win32.Build.0 = Debug|Win32
		{37692217-C7AD-4FA9-A588-DDC11E17D925}.Release|Win32.ActiveCfg = Release|Win32
		{37692217-C7AD-4FA9-A588-DDC11E17D925}.Release|Win32.Build.0 = Release|Win32
		{59A0C5AD-DE66-4C6D-9164-86F31308E719}.Debug|Win32.ActiveCfg = Debug|Win32
		{59A0C5AD-DE66-4C6D-9164-86F31308E719}.Debug|Win32.Build.0 = Debug|Win32
		{59A0C5AD-DE66-4C6D-9164-86F31308E719}.Release|Win32.ActiveCfg = Release|Win32
		{59A0C5AD-DE66-4C6D-9164-86F31308E719}.Release|Win32.Build.0 = Release|Win32
		{6BF0C2CE-CB0C-421B-A67C-1E448371D24C}.Debug|Win32.ActiveCfg = Debug|Win32
		{6BF0C2CE-CB0C-421B-A67C-1E448371D24C}.Debug|Win32.Build.0 = Debug|Win32
		{6BF0C2CE-CB0C-421B-A67C-1E448371D24C}.Release|Win32.ActiveCfg = Release|Win32
		{6BF0C2CE-CB0C-421B-A67C-1E448371D24C}.Release|Win32.Build.0 = Release|Win32
	EndGlobalSection
	GlobalSection(SolutionProperties) = preSolution
		HideSolutionNode = FALSE
	EndGlobalSection
EndGlobal
